// !$*UTF8*$!
{
	archiveVersion = 1;
	classes = {
	};
	objectVersion = 56;
	objects = {

/* Begin PBXBuildFile section */
		1876E4DB2C13C7C000913A8C /* Persistence.swift in Sources */ = {isa = PBXBuildFile; fileRef = 1876E4DA2C13C7C000913A8C /* Persistence.swift */; };
		1876E4DE2C13C7F000913A8C /* WheaterAppDB.xcdatamodeld in Sources */ = {isa = PBXBuildFile; fileRef = 1876E4DC2C13C7F000913A8C /* WheaterAppDB.xcdatamodeld */; };
		1876E4E02C13C8B900913A8C /* LocationListView.swift in Sources */ = {isa = PBXBuildFile; fileRef = 1876E4DF2C13C8B900913A8C /* LocationListView.swift */; };
		89478AE52C00FB990058D0A1 /* WeatherAppApp.swift in Sources */ = {isa = PBXBuildFile; fileRef = 89478AE42C00FB990058D0A1 /* WeatherAppApp.swift */; };
		89478AE72C00FB990058D0A1 /* ContentView.swift in Sources */ = {isa = PBXBuildFile; fileRef = 89478AE62C00FB990058D0A1 /* ContentView.swift */; };
		89478AE92C00FB990058D0A1 /* Item.swift in Sources */ = {isa = PBXBuildFile; fileRef = 89478AE82C00FB990058D0A1 /* Item.swift */; };
		89478AEB2C00FB9C0058D0A1 /* Assets.xcassets in Resources */ = {isa = PBXBuildFile; fileRef = 89478AEA2C00FB9C0058D0A1 /* Assets.xcassets */; };
		89478AEE2C00FB9C0058D0A1 /* Preview Assets.xcassets in Resources */ = {isa = PBXBuildFile; fileRef = 89478AED2C00FB9C0058D0A1 /* Preview Assets.xcassets */; };
		89478AF82C00FB9C0058D0A1 /* WeatherAppTests.swift in Sources */ = {isa = PBXBuildFile; fileRef = 89478AF72C00FB9C0058D0A1 /* WeatherAppTests.swift */; };
		89478B022C00FB9C0058D0A1 /* WeatherAppUITests.swift in Sources */ = {isa = PBXBuildFile; fileRef = 89478B012C00FB9C0058D0A1 /* WeatherAppUITests.swift */; };
		89478B042C00FB9C0058D0A1 /* WeatherAppUITestsLaunchTests.swift in Sources */ = {isa = PBXBuildFile; fileRef = 89478B032C00FB9C0058D0A1 /* WeatherAppUITestsLaunchTests.swift */; };
		8958D2802C0120FC00A9EB73 /* LocationManager.swift in Sources */ = {isa = PBXBuildFile; fileRef = 8958D27F2C0120FC00A9EB73 /* LocationManager.swift */; };
		8958D2832C0121EC00A9EB73 /* WelcomeView.swift in Sources */ = {isa = PBXBuildFile; fileRef = 8958D2822C0121EC00A9EB73 /* WelcomeView.swift */; };
		8958D2852C01225900A9EB73 /* WeatherView.swift in Sources */ = {isa = PBXBuildFile; fileRef = 8958D2842C01225900A9EB73 /* WeatherView.swift */; };
		8958D2872C0122A100A9EB73 /* LoadingView.swift in Sources */ = {isa = PBXBuildFile; fileRef = 8958D2862C0122A100A9EB73 /* LoadingView.swift */; };
		8958D2892C01243200A9EB73 /* WeatherManager.swift in Sources */ = {isa = PBXBuildFile; fileRef = 8958D2882C01243200A9EB73 /* WeatherManager.swift */; };
		8958D28B2C01271300A9EB73 /* ModelData.swift in Sources */ = {isa = PBXBuildFile; fileRef = 8958D28A2C01271300A9EB73 /* ModelData.swift */; };
		8958D28D2C01278E00A9EB73 /* weatherData.json in Resources */ = {isa = PBXBuildFile; fileRef = 8958D28C2C01278E00A9EB73 /* weatherData.json */; };
		8958D28F2C01288B00A9EB73 /* Extensions.swift in Sources */ = {isa = PBXBuildFile; fileRef = 8958D28E2C01288B00A9EB73 /* Extensions.swift */; };
		8958D2922C0129B100A9EB73 /* WeatherRow.swift in Sources */ = {isa = PBXBuildFile; fileRef = 8958D2912C0129B100A9EB73 /* WeatherRow.swift */; };
/* End PBXBuildFile section */

/* Begin PBXContainerItemProxy section */
		89478AF42C00FB9C0058D0A1 /* PBXContainerItemProxy */ = {
			isa = PBXContainerItemProxy;
			containerPortal = 89478AD92C00FB990058D0A1 /* Project object */;
			proxyType = 1;
			remoteGlobalIDString = 89478AE02C00FB990058D0A1;
			remoteInfo = WeatherApp;
		};
		89478AFE2C00FB9C0058D0A1 /* PBXContainerItemProxy */ = {
			isa = PBXContainerItemProxy;
			containerPortal = 89478AD92C00FB990058D0A1 /* Project object */;
			proxyType = 1;
			remoteGlobalIDString = 89478AE02C00FB990058D0A1;
			remoteInfo = WeatherApp;
		};
/* End PBXContainerItemProxy section */

/* Begin PBXFileReference section */
		1876E4DA2C13C7C000913A8C /* Persistence.swift */ = {isa = PBXFileReference; lastKnownFileType = sourcecode.swift; path = Persistence.swift; sourceTree = "<group>"; };
		1876E4DD2C13C7F000913A8C /* WheaterAppDB.xcdatamodel */ = {isa = PBXFileReference; lastKnownFileType = wrapper.xcdatamodel; path = WheaterAppDB.xcdatamodel; sourceTree = "<group>"; };
		1876E4DF2C13C8B900913A8C /* LocationListView.swift */ = {isa = PBXFileReference; lastKnownFileType = sourcecode.swift; path = LocationListView.swift; sourceTree = "<group>"; };
		89478AE12C00FB990058D0A1 /* WeatherApp.app */ = {isa = PBXFileReference; explicitFileType = wrapper.application; includeInIndex = 0; path = WeatherApp.app; sourceTree = BUILT_PRODUCTS_DIR; };
		89478AE42C00FB990058D0A1 /* WeatherAppApp.swift */ = {isa = PBXFileReference; lastKnownFileType = sourcecode.swift; path = WeatherAppApp.swift; sourceTree = "<group>"; };
		89478AE62C00FB990058D0A1 /* ContentView.swift */ = {isa = PBXFileReference; lastKnownFileType = sourcecode.swift; path = ContentView.swift; sourceTree = "<group>"; };
		89478AE82C00FB990058D0A1 /* Item.swift */ = {isa = PBXFileReference; lastKnownFileType = sourcecode.swift; path = Item.swift; sourceTree = "<group>"; };
		89478AEA2C00FB9C0058D0A1 /* Assets.xcassets */ = {isa = PBXFileReference; lastKnownFileType = folder.assetcatalog; path = Assets.xcassets; sourceTree = "<group>"; };
		89478AED2C00FB9C0058D0A1 /* Preview Assets.xcassets */ = {isa = PBXFileReference; lastKnownFileType = folder.assetcatalog; path = "Preview Assets.xcassets"; sourceTree = "<group>"; };
		89478AF32C00FB9C0058D0A1 /* WeatherAppTests.xctest */ = {isa = PBXFileReference; explicitFileType = wrapper.cfbundle; includeInIndex = 0; path = WeatherAppTests.xctest; sourceTree = BUILT_PRODUCTS_DIR; };
		89478AF72C00FB9C0058D0A1 /* WeatherAppTests.swift */ = {isa = PBXFileReference; lastKnownFileType = sourcecode.swift; path = WeatherAppTests.swift; sourceTree = "<group>"; };
		89478AFD2C00FB9C0058D0A1 /* WeatherAppUITests.xctest */ = {isa = PBXFileReference; explicitFileType = wrapper.cfbundle; includeInIndex = 0; path = WeatherAppUITests.xctest; sourceTree = BUILT_PRODUCTS_DIR; };
		89478B012C00FB9C0058D0A1 /* WeatherAppUITests.swift */ = {isa = PBXFileReference; lastKnownFileType = sourcecode.swift; path = WeatherAppUITests.swift; sourceTree = "<group>"; };
		89478B032C00FB9C0058D0A1 /* WeatherAppUITestsLaunchTests.swift */ = {isa = PBXFileReference; lastKnownFileType = sourcecode.swift; path = WeatherAppUITestsLaunchTests.swift; sourceTree = "<group>"; };
		8958D27F2C0120FC00A9EB73 /* LocationManager.swift */ = {isa = PBXFileReference; lastKnownFileType = sourcecode.swift; path = LocationManager.swift; sourceTree = "<group>"; };
		8958D2822C0121EC00A9EB73 /* WelcomeView.swift */ = {isa = PBXFileReference; lastKnownFileType = sourcecode.swift; path = WelcomeView.swift; sourceTree = "<group>"; };
		8958D2842C01225900A9EB73 /* WeatherView.swift */ = {isa = PBXFileReference; lastKnownFileType = sourcecode.swift; path = WeatherView.swift; sourceTree = "<group>"; };
		8958D2862C0122A100A9EB73 /* LoadingView.swift */ = {isa = PBXFileReference; lastKnownFileType = sourcecode.swift; path = LoadingView.swift; sourceTree = "<group>"; };
		8958D2882C01243200A9EB73 /* WeatherManager.swift */ = {isa = PBXFileReference; lastKnownFileType = sourcecode.swift; path = WeatherManager.swift; sourceTree = "<group>"; };
		8958D28A2C01271300A9EB73 /* ModelData.swift */ = {isa = PBXFileReference; lastKnownFileType = sourcecode.swift; path = ModelData.swift; sourceTree = "<group>"; };
		8958D28C2C01278E00A9EB73 /* weatherData.json */ = {isa = PBXFileReference; lastKnownFileType = text.json; path = weatherData.json; sourceTree = "<group>"; };
		8958D28E2C01288B00A9EB73 /* Extensions.swift */ = {isa = PBXFileReference; lastKnownFileType = sourcecode.swift; path = Extensions.swift; sourceTree = "<group>"; };
		8958D2912C0129B100A9EB73 /* WeatherRow.swift */ = {isa = PBXFileReference; lastKnownFileType = sourcecode.swift; path = WeatherRow.swift; sourceTree = "<group>"; };
/* End PBXFileReference section */

/* Begin PBXFrameworksBuildPhase section */
		89478ADE2C00FB990058D0A1 /* Frameworks */ = {
			isa = PBXFrameworksBuildPhase;
			buildActionMask = 2147483647;
			files = (
			);
			runOnlyForDeploymentPostprocessing = 0;
		};
		89478AF02C00FB9C0058D0A1 /* Frameworks */ = {
			isa = PBXFrameworksBuildPhase;
			buildActionMask = 2147483647;
			files = (
			);
			runOnlyForDeploymentPostprocessing = 0;
		};
		89478AFA2C00FB9C0058D0A1 /* Frameworks */ = {
			isa = PBXFrameworksBuildPhase;
			buildActionMask = 2147483647;
			files = (
			);
			runOnlyForDeploymentPostprocessing = 0;
		};
/* End PBXFrameworksBuildPhase section */

/* Begin PBXGroup section */
		1876E4D92C13C7B800913A8C /* Database */ = {
			isa = PBXGroup;
			children = (
				1876E4DA2C13C7C000913A8C /* Persistence.swift */,
				1876E4DC2C13C7F000913A8C /* WheaterAppDB.xcdatamodeld */,
			);
			path = Database;
			sourceTree = "<group>";
		};
		89478AD82C00FB990058D0A1 = {
			isa = PBXGroup;
			children = (
				89478AE32C00FB990058D0A1 /* WeatherApp */,
				89478AF62C00FB9C0058D0A1 /* WeatherAppTests */,
				89478B002C00FB9C0058D0A1 /* WeatherAppUITests */,
				89478AE22C00FB990058D0A1 /* Products */,
			);
			sourceTree = "<group>";
		};
		89478AE22C00FB990058D0A1 /* Products */ = {
			isa = PBXGroup;
			children = (
				89478AE12C00FB990058D0A1 /* WeatherApp.app */,
				89478AF32C00FB9C0058D0A1 /* WeatherAppTests.xctest */,
				89478AFD2C00FB9C0058D0A1 /* WeatherAppUITests.xctest */,
			);
			name = Products;
			sourceTree = "<group>";
		};
		89478AE32C00FB990058D0A1 /* WeatherApp */ = {
			isa = PBXGroup;
			children = (
				1876E4D92C13C7B800913A8C /* Database */,
				8958D2902C01298800A9EB73 /* Components */,
				8958D2812C01218300A9EB73 /* Views */,
				8958D27E2C0120C800A9EB73 /* Managers */,
				89478AE42C00FB990058D0A1 /* WeatherAppApp.swift */,
				89478AE82C00FB990058D0A1 /* Item.swift */,
				89478AEA2C00FB9C0058D0A1 /* Assets.xcassets */,
				89478AEC2C00FB9C0058D0A1 /* Preview Content */,
				8958D28E2C01288B00A9EB73 /* Extensions.swift */,
			);
			path = WeatherApp;
			sourceTree = "<group>";
		};
		89478AEC2C00FB9C0058D0A1 /* Preview Content */ = {
			isa = PBXGroup;
			children = (
				89478AED2C00FB9C0058D0A1 /* Preview Assets.xcassets */,
				8958D28A2C01271300A9EB73 /* ModelData.swift */,
				8958D28C2C01278E00A9EB73 /* weatherData.json */,
			);
			path = "Preview Content";
			sourceTree = "<group>";
		};
		89478AF62C00FB9C0058D0A1 /* WeatherAppTests */ = {
			isa = PBXGroup;
			children = (
				89478AF72C00FB9C0058D0A1 /* WeatherAppTests.swift */,
			);
			path = WeatherAppTests;
			sourceTree = "<group>";
		};
		89478B002C00FB9C0058D0A1 /* WeatherAppUITests */ = {
			isa = PBXGroup;
			children = (
				89478B012C00FB9C0058D0A1 /* WeatherAppUITests.swift */,
				89478B032C00FB9C0058D0A1 /* WeatherAppUITestsLaunchTests.swift */,
			);
			path = WeatherAppUITests;
			sourceTree = "<group>";
		};
		8958D27E2C0120C800A9EB73 /* Managers */ = {
			isa = PBXGroup;
			children = (
				8958D27F2C0120FC00A9EB73 /* LocationManager.swift */,
				8958D2882C01243200A9EB73 /* WeatherManager.swift */,
			);
			path = Managers;
			sourceTree = "<group>";
		};
		8958D2812C01218300A9EB73 /* Views */ = {
			isa = PBXGroup;
			children = (
				89478AE62C00FB990058D0A1 /* ContentView.swift */,
				8958D2822C0121EC00A9EB73 /* WelcomeView.swift */,
				8958D2842C01225900A9EB73 /* WeatherView.swift */,
				8958D2862C0122A100A9EB73 /* LoadingView.swift */,
				1876E4DF2C13C8B900913A8C /* LocationListView.swift */,
			);
			path = Views;
			sourceTree = "<group>";
		};
		8958D2902C01298800A9EB73 /* Components */ = {
			isa = PBXGroup;
			children = (
				8958D2912C0129B100A9EB73 /* WeatherRow.swift */,
			);
			path = Components;
			sourceTree = "<group>";
		};
/* End PBXGroup section */

/* Begin PBXNativeTarget section */
		89478AE02C00FB990058D0A1 /* WeatherApp */ = {
			isa = PBXNativeTarget;
			buildConfigurationList = 89478B072C00FB9C0058D0A1 /* Build configuration list for PBXNativeTarget "WeatherApp" */;
			buildPhases = (
				89478ADD2C00FB990058D0A1 /* Sources */,
				89478ADE2C00FB990058D0A1 /* Frameworks */,
				89478ADF2C00FB990058D0A1 /* Resources */,
			);
			buildRules = (
			);
			dependencies = (
			);
			name = WeatherApp;
			productName = WeatherApp;
			productReference = 89478AE12C00FB990058D0A1 /* WeatherApp.app */;
			productType = "com.apple.product-type.application";
		};
		89478AF22C00FB9C0058D0A1 /* WeatherAppTests */ = {
			isa = PBXNativeTarget;
			buildConfigurationList = 89478B0A2C00FB9C0058D0A1 /* Build configuration list for PBXNativeTarget "WeatherAppTests" */;
			buildPhases = (
				89478AEF2C00FB9C0058D0A1 /* Sources */,
				89478AF02C00FB9C0058D0A1 /* Frameworks */,
				89478AF12C00FB9C0058D0A1 /* Resources */,
			);
			buildRules = (
			);
			dependencies = (
				89478AF52C00FB9C0058D0A1 /* PBXTargetDependency */,
			);
			name = WeatherAppTests;
			productName = WeatherAppTests;
			productReference = 89478AF32C00FB9C0058D0A1 /* WeatherAppTests.xctest */;
			productType = "com.apple.product-type.bundle.unit-test";
		};
		89478AFC2C00FB9C0058D0A1 /* WeatherAppUITests */ = {
			isa = PBXNativeTarget;
			buildConfigurationList = 89478B0D2C00FB9C0058D0A1 /* Build configuration list for PBXNativeTarget "WeatherAppUITests" */;
			buildPhases = (
				89478AF92C00FB9C0058D0A1 /* Sources */,
				89478AFA2C00FB9C0058D0A1 /* Frameworks */,
				89478AFB2C00FB9C0058D0A1 /* Resources */,
			);
			buildRules = (
			);
			dependencies = (
				89478AFF2C00FB9C0058D0A1 /* PBXTargetDependency */,
			);
			name = WeatherAppUITests;
			productName = WeatherAppUITests;
			productReference = 89478AFD2C00FB9C0058D0A1 /* WeatherAppUITests.xctest */;
			productType = "com.apple.product-type.bundle.ui-testing";
		};
/* End PBXNativeTarget section */

/* Begin PBXProject section */
		89478AD92C00FB990058D0A1 /* Project object */ = {
			isa = PBXProject;
			attributes = {
				BuildIndependentTargetsInParallel = 1;
				LastSwiftUpdateCheck = 1540;
				LastUpgradeCheck = 1540;
				TargetAttributes = {
					89478AE02C00FB990058D0A1 = {
						CreatedOnToolsVersion = 15.4;
					};
					89478AF22C00FB9C0058D0A1 = {
						CreatedOnToolsVersion = 15.4;
						TestTargetID = 89478AE02C00FB990058D0A1;
					};
					89478AFC2C00FB9C0058D0A1 = {
						CreatedOnToolsVersion = 15.4;
						TestTargetID = 89478AE02C00FB990058D0A1;
					};
				};
			};
			buildConfigurationList = 89478ADC2C00FB990058D0A1 /* Build configuration list for PBXProject "WeatherApp" */;
			compatibilityVersion = "Xcode 14.0";
			developmentRegion = en;
			hasScannedForEncodings = 0;
			knownRegions = (
				en,
				Base,
			);
			mainGroup = 89478AD82C00FB990058D0A1;
			productRefGroup = 89478AE22C00FB990058D0A1 /* Products */;
			projectDirPath = "";
			projectRoot = "";
			targets = (
				89478AE02C00FB990058D0A1 /* WeatherApp */,
				89478AF22C00FB9C0058D0A1 /* WeatherAppTests */,
				89478AFC2C00FB9C0058D0A1 /* WeatherAppUITests */,
			);
		};
/* End PBXProject section */

/* Begin PBXResourcesBuildPhase section */
		89478ADF2C00FB990058D0A1 /* Resources */ = {
			isa = PBXResourcesBuildPhase;
			buildActionMask = 2147483647;
			files = (
				89478AEE2C00FB9C0058D0A1 /* Preview Assets.xcassets in Resources */,
				8958D28D2C01278E00A9EB73 /* weatherData.json in Resources */,
				89478AEB2C00FB9C0058D0A1 /* Assets.xcassets in Resources */,
			);
			runOnlyForDeploymentPostprocessing = 0;
		};
		89478AF12C00FB9C0058D0A1 /* Resources */ = {
			isa = PBXResourcesBuildPhase;
			buildActionMask = 2147483647;
			files = (
			);
			runOnlyForDeploymentPostprocessing = 0;
		};
		89478AFB2C00FB9C0058D0A1 /* Resources */ = {
			isa = PBXResourcesBuildPhase;
			buildActionMask = 2147483647;
			files = (
			);
			runOnlyForDeploymentPostprocessing = 0;
		};
/* End PBXResourcesBuildPhase section */

/* Begin PBXSourcesBuildPhase section */
		89478ADD2C00FB990058D0A1 /* Sources */ = {
			isa = PBXSourcesBuildPhase;
			buildActionMask = 2147483647;
			files = (
				8958D2922C0129B100A9EB73 /* WeatherRow.swift in Sources */,
				8958D2832C0121EC00A9EB73 /* WelcomeView.swift in Sources */,
				8958D2802C0120FC00A9EB73 /* LocationManager.swift in Sources */,
				8958D28B2C01271300A9EB73 /* ModelData.swift in Sources */,
				8958D2892C01243200A9EB73 /* WeatherManager.swift in Sources */,
				89478AE72C00FB990058D0A1 /* ContentView.swift in Sources */,
				8958D28F2C01288B00A9EB73 /* Extensions.swift in Sources */,
				8958D2852C01225900A9EB73 /* WeatherView.swift in Sources */,
				89478AE92C00FB990058D0A1 /* Item.swift in Sources */,
				1876E4DB2C13C7C000913A8C /* Persistence.swift in Sources */,
				8958D2872C0122A100A9EB73 /* LoadingView.swift in Sources */,
				1876E4E02C13C8B900913A8C /* LocationListView.swift in Sources */,
				89478AE52C00FB990058D0A1 /* WeatherAppApp.swift in Sources */,
				1876E4DE2C13C7F000913A8C /* WheaterAppDB.xcdatamodeld in Sources */,
			);
			runOnlyForDeploymentPostprocessing = 0;
		};
		89478AEF2C00FB9C0058D0A1 /* Sources */ = {
			isa = PBXSourcesBuildPhase;
			buildActionMask = 2147483647;
			files = (
				89478AF82C00FB9C0058D0A1 /* WeatherAppTests.swift in Sources */,
			);
			runOnlyForDeploymentPostprocessing = 0;
		};
		89478AF92C00FB9C0058D0A1 /* Sources */ = {
			isa = PBXSourcesBuildPhase;
			buildActionMask = 2147483647;
			files = (
				89478B022C00FB9C0058D0A1 /* WeatherAppUITests.swift in Sources */,
				89478B042C00FB9C0058D0A1 /* WeatherAppUITestsLaunchTests.swift in Sources */,
			);
			runOnlyForDeploymentPostprocessing = 0;
		};
/* End PBXSourcesBuildPhase section */

/* Begin PBXTargetDependency section */
		89478AF52C00FB9C0058D0A1 /* PBXTargetDependency */ = {
			isa = PBXTargetDependency;
			target = 89478AE02C00FB990058D0A1 /* WeatherApp */;
			targetProxy = 89478AF42C00FB9C0058D0A1 /* PBXContainerItemProxy */;
		};
		89478AFF2C00FB9C0058D0A1 /* PBXTargetDependency */ = {
			isa = PBXTargetDependency;
			target = 89478AE02C00FB990058D0A1 /* WeatherApp */;
			targetProxy = 89478AFE2C00FB9C0058D0A1 /* PBXContainerItemProxy */;
		};
/* End PBXTargetDependency section */

/* Begin XCBuildConfiguration section */
		89478B052C00FB9C0058D0A1 /* Debug */ = {
			isa = XCBuildConfiguration;
			buildSettings = {
				ALWAYS_SEARCH_USER_PATHS = NO;
				ASSETCATALOG_COMPILER_GENERATE_SWIFT_ASSET_SYMBOL_EXTENSIONS = YES;
				CLANG_ANALYZER_NONNULL = YES;
				CLANG_ANALYZER_NUMBER_OBJECT_CONVERSION = YES_AGGRESSIVE;
				CLANG_CXX_LANGUAGE_STANDARD = "gnu++20";
				CLANG_ENABLE_MODULES = YES;
				CLANG_ENABLE_OBJC_ARC = YES;
				CLANG_ENABLE_OBJC_WEAK = YES;
				CLANG_WARN_BLOCK_CAPTURE_AUTORELEASING = YES;
				CLANG_WARN_BOOL_CONVERSION = YES;
				CLANG_WARN_COMMA = YES;
				CLANG_WARN_CONSTANT_CONVERSION = YES;
				CLANG_WARN_DEPRECATED_OBJC_IMPLEMENTATIONS = YES;
				CLANG_WARN_DIRECT_OBJC_ISA_USAGE = YES_ERROR;
				CLANG_WARN_DOCUMENTATION_COMMENTS = YES;
				CLANG_WARN_EMPTY_BODY = YES;
				CLANG_WARN_ENUM_CONVERSION = YES;
				CLANG_WARN_INFINITE_RECURSION = YES;
				CLANG_WARN_INT_CONVERSION = YES;
				CLANG_WARN_NON_LITERAL_NULL_CONVERSION = YES;
				CLANG_WARN_OBJC_IMPLICIT_RETAIN_SELF = YES;
				CLANG_WARN_OBJC_LITERAL_CONVERSION = YES;
				CLANG_WARN_OBJC_ROOT_CLASS = YES_ERROR;
				CLANG_WARN_QUOTED_INCLUDE_IN_FRAMEWORK_HEADER = YES;
				CLANG_WARN_RANGE_LOOP_ANALYSIS = YES;
				CLANG_WARN_STRICT_PROTOTYPES = YES;
				CLANG_WARN_SUSPICIOUS_MOVE = YES;
				CLANG_WARN_UNGUARDED_AVAILABILITY = YES_AGGRESSIVE;
				CLANG_WARN_UNREACHABLE_CODE = YES;
				CLANG_WARN__DUPLICATE_METHOD_MATCH = YES;
				COPY_PHASE_STRIP = NO;
				DEBUG_INFORMATION_FORMAT = dwarf;
				ENABLE_STRICT_OBJC_MSGSEND = YES;
				ENABLE_TESTABILITY = YES;
				ENABLE_USER_SCRIPT_SANDBOXING = YES;
				GCC_C_LANGUAGE_STANDARD = gnu17;
				GCC_DYNAMIC_NO_PIC = NO;
				GCC_NO_COMMON_BLOCKS = YES;
				GCC_OPTIMIZATION_LEVEL = 0;
				GCC_PREPROCESSOR_DEFINITIONS = (
					"DEBUG=1",
					"$(inherited)",
				);
				GCC_WARN_64_TO_32_BIT_CONVERSION = YES;
				GCC_WARN_ABOUT_RETURN_TYPE = YES_ERROR;
				GCC_WARN_UNDECLARED_SELECTOR = YES;
				GCC_WARN_UNINITIALIZED_AUTOS = YES_AGGRESSIVE;
				GCC_WARN_UNUSED_FUNCTION = YES;
				GCC_WARN_UNUSED_VARIABLE = YES;
				IPHONEOS_DEPLOYMENT_TARGET = 17.5;
				LOCALIZATION_PREFERS_STRING_CATALOGS = YES;
				MTL_ENABLE_DEBUG_INFO = INCLUDE_SOURCE;
				MTL_FAST_MATH = YES;
				ONLY_ACTIVE_ARCH = YES;
				SDKROOT = iphoneos;
				SWIFT_ACTIVE_COMPILATION_CONDITIONS = "DEBUG $(inherited)";
				SWIFT_OPTIMIZATION_LEVEL = "-Onone";
			};
			name = Debug;
		};
		89478B062C00FB9C0058D0A1 /* Release */ = {
			isa = XCBuildConfiguration;
			buildSettings = {
				ALWAYS_SEARCH_USER_PATHS = NO;
				ASSETCATALOG_COMPILER_GENERATE_SWIFT_ASSET_SYMBOL_EXTENSIONS = YES;
				CLANG_ANALYZER_NONNULL = YES;
				CLANG_ANALYZER_NUMBER_OBJECT_CONVERSION = YES_AGGRESSIVE;
				CLANG_CXX_LANGUAGE_STANDARD = "gnu++20";
				CLANG_ENABLE_MODULES = YES;
				CLANG_ENABLE_OBJC_ARC = YES;
				CLANG_ENABLE_OBJC_WEAK = YES;
				CLANG_WARN_BLOCK_CAPTURE_AUTORELEASING = YES;
				CLANG_WARN_BOOL_CONVERSION = YES;
				CLANG_WARN_COMMA = YES;
				CLANG_WARN_CONSTANT_CONVERSION = YES;
				CLANG_WARN_DEPRECATED_OBJC_IMPLEMENTATIONS = YES;
				CLANG_WARN_DIRECT_OBJC_ISA_USAGE = YES_ERROR;
				CLANG_WARN_DOCUMENTATION_COMMENTS = YES;
				CLANG_WARN_EMPTY_BODY = YES;
				CLANG_WARN_ENUM_CONVERSION = YES;
				CLANG_WARN_INFINITE_RECURSION = YES;
				CLANG_WARN_INT_CONVERSION = YES;
				CLANG_WARN_NON_LITERAL_NULL_CONVERSION = YES;
				CLANG_WARN_OBJC_IMPLICIT_RETAIN_SELF = YES;
				CLANG_WARN_OBJC_LITERAL_CONVERSION = YES;
				CLANG_WARN_OBJC_ROOT_CLASS = YES_ERROR;
				CLANG_WARN_QUOTED_INCLUDE_IN_FRAMEWORK_HEADER = YES;
				CLANG_WARN_RANGE_LOOP_ANALYSIS = YES;
				CLANG_WARN_STRICT_PROTOTYPES = YES;
				CLANG_WARN_SUSPICIOUS_MOVE = YES;
				CLANG_WARN_UNGUARDED_AVAILABILITY = YES_AGGRESSIVE;
				CLANG_WARN_UNREACHABLE_CODE = YES;
				CLANG_WARN__DUPLICATE_METHOD_MATCH = YES;
				COPY_PHASE_STRIP = NO;
				DEBUG_INFORMATION_FORMAT = "dwarf-with-dsym";
				ENABLE_NS_ASSERTIONS = NO;
				ENABLE_STRICT_OBJC_MSGSEND = YES;
				ENABLE_USER_SCRIPT_SANDBOXING = YES;
				GCC_C_LANGUAGE_STANDARD = gnu17;
				GCC_NO_COMMON_BLOCKS = YES;
				GCC_WARN_64_TO_32_BIT_CONVERSION = YES;
				GCC_WARN_ABOUT_RETURN_TYPE = YES_ERROR;
				GCC_WARN_UNDECLARED_SELECTOR = YES;
				GCC_WARN_UNINITIALIZED_AUTOS = YES_AGGRESSIVE;
				GCC_WARN_UNUSED_FUNCTION = YES;
				GCC_WARN_UNUSED_VARIABLE = YES;
				IPHONEOS_DEPLOYMENT_TARGET = 17.5;
				LOCALIZATION_PREFERS_STRING_CATALOGS = YES;
				MTL_ENABLE_DEBUG_INFO = NO;
				MTL_FAST_MATH = YES;
				SDKROOT = iphoneos;
				SWIFT_COMPILATION_MODE = wholemodule;
				VALIDATE_PRODUCT = YES;
			};
			name = Release;
		};
		89478B082C00FB9C0058D0A1 /* Debug */ = {
			isa = XCBuildConfiguration;
			buildSettings = {
				ASSETCATALOG_COMPILER_APPICON_NAME = AppIcon;
				ASSETCATALOG_COMPILER_GLOBAL_ACCENT_COLOR_NAME = AccentColor;
				CODE_SIGN_STYLE = Automatic;
				CURRENT_PROJECT_VERSION = 1;
				DEVELOPMENT_ASSET_PATHS = "\"WeatherApp/Preview Content\"";
				ENABLE_PREVIEWS = YES;
				GENERATE_INFOPLIST_FILE = YES;
				INFOPLIST_KEY_UIApplicationSceneManifest_Generation = YES;
				INFOPLIST_KEY_UIApplicationSupportsIndirectInputEvents = YES;
				INFOPLIST_KEY_UILaunchScreen_Generation = YES;
				INFOPLIST_KEY_UISupportedInterfaceOrientations_iPad = "UIInterfaceOrientationPortrait UIInterfaceOrientationPortraitUpsideDown UIInterfaceOrientationLandscapeLeft UIInterfaceOrientationLandscapeRight";
				INFOPLIST_KEY_UISupportedInterfaceOrientations_iPhone = "UIInterfaceOrientationPortrait UIInterfaceOrientationLandscapeLeft UIInterfaceOrientationLandscapeRight";
				LD_RUNPATH_SEARCH_PATHS = (
					"$(inherited)",
					"@executable_path/Frameworks",
				);
				MARKETING_VERSION = 1.0;
				PRODUCT_BUNDLE_IDENTIFIER = com.lucas.WeatherApp;
				PRODUCT_NAME = "$(TARGET_NAME)";
				SWIFT_EMIT_LOC_STRINGS = YES;
				SWIFT_VERSION = 5.0;
				TARGETED_DEVICE_FAMILY = "1,2";
			};
			name = Debug;
		};
		89478B092C00FB9C0058D0A1 /* Release */ = {
			isa = XCBuildConfiguration;
			buildSettings = {
				ASSETCATALOG_COMPILER_APPICON_NAME = AppIcon;
				ASSETCATALOG_COMPILER_GLOBAL_ACCENT_COLOR_NAME = AccentColor;
				CODE_SIGN_STYLE = Automatic;
				CURRENT_PROJECT_VERSION = 1;
				DEVELOPMENT_ASSET_PATHS = "\"WeatherApp/Preview Content\"";
				ENABLE_PREVIEWS = YES;
				GENERATE_INFOPLIST_FILE = YES;
				INFOPLIST_KEY_UIApplicationSceneManifest_Generation = YES;
				INFOPLIST_KEY_UIApplicationSupportsIndirectInputEvents = YES;
				INFOPLIST_KEY_UILaunchScreen_Generation = YES;
				INFOPLIST_KEY_UISupportedInterfaceOrientations_iPad = "UIInterfaceOrientationPortrait UIInterfaceOrientationPortraitUpsideDown UIInterfaceOrientationLandscapeLeft UIInterfaceOrientationLandscapeRight";
				INFOPLIST_KEY_UISupportedInterfaceOrientations_iPhone = "UIInterfaceOrientationPortrait UIInterfaceOrientationLandscapeLeft UIInterfaceOrientationLandscapeRight";
				LD_RUNPATH_SEARCH_PATHS = (
					"$(inherited)",
					"@executable_path/Frameworks",
				);
				MARKETING_VERSION = 1.0;
				PRODUCT_BUNDLE_IDENTIFIER = com.lucas.WeatherApp;
				PRODUCT_NAME = "$(TARGET_NAME)";
				SWIFT_EMIT_LOC_STRINGS = YES;
				SWIFT_VERSION = 5.0;
				TARGETED_DEVICE_FAMILY = "1,2";
			};
			name = Release;
		};
		89478B0B2C00FB9C0058D0A1 /* Debug */ = {
			isa = XCBuildConfiguration;
			buildSettings = {
				ALWAYS_EMBED_SWIFT_STANDARD_LIBRARIES = YES;
				BUNDLE_LOADER = "$(TEST_HOST)";
				CODE_SIGN_STYLE = Automatic;
				CURRENT_PROJECT_VERSION = 1;
				GENERATE_INFOPLIST_FILE = YES;
				IPHONEOS_DEPLOYMENT_TARGET = 17.5;
				MARKETING_VERSION = 1.0;
				PRODUCT_BUNDLE_IDENTIFIER = com.lucas.WeatherAppTests;
				PRODUCT_NAME = "$(TARGET_NAME)";
				SWIFT_EMIT_LOC_STRINGS = NO;
				SWIFT_VERSION = 5.0;
				TARGETED_DEVICE_FAMILY = "1,2";
				TEST_HOST = "$(BUILT_PRODUCTS_DIR)/WeatherApp.app/$(BUNDLE_EXECUTABLE_FOLDER_PATH)/WeatherApp";
			};
			name = Debug;
		};
		89478B0C2C00FB9C0058D0A1 /* Release */ = {
			isa = XCBuildConfiguration;
			buildSettings = {
				ALWAYS_EMBED_SWIFT_STANDARD_LIBRARIES = YES;
				BUNDLE_LOADER = "$(TEST_HOST)";
				CODE_SIGN_STYLE = Automatic;
				CURRENT_PROJECT_VERSION = 1;
				GENERATE_INFOPLIST_FILE = YES;
				IPHONEOS_DEPLOYMENT_TARGET = 17.5;
				MARKETING_VERSION = 1.0;
				PRODUCT_BUNDLE_IDENTIFIER = com.lucas.WeatherAppTests;
				PRODUCT_NAME = "$(TARGET_NAME)";
				SWIFT_EMIT_LOC_STRINGS = NO;
				SWIFT_VERSION = 5.0;
				TARGETED_DEVICE_FAMILY = "1,2";
				TEST_HOST = "$(BUILT_PRODUCTS_DIR)/WeatherApp.app/$(BUNDLE_EXECUTABLE_FOLDER_PATH)/WeatherApp";
			};
			name = Release;
		};
		89478B0E2C00FB9C0058D0A1 /* Debug */ = {
			isa = XCBuildConfiguration;
			buildSettings = {
				ALWAYS_EMBED_SWIFT_STANDARD_LIBRARIES = YES;
				CODE_SIGN_STYLE = Automatic;
				CURRENT_PROJECT_VERSION = 1;
				GENERATE_INFOPLIST_FILE = YES;
				MARKETING_VERSION = 1.0;
				PRODUCT_BUNDLE_IDENTIFIER = com.lucas.WeatherAppUITests;
				PRODUCT_NAME = "$(TARGET_NAME)";
				SWIFT_EMIT_LOC_STRINGS = NO;
				SWIFT_VERSION = 5.0;
				TARGETED_DEVICE_FAMILY = "1,2";
				TEST_TARGET_NAME = WeatherApp;
			};
			name = Debug;
		};
		89478B0F2C00FB9C0058D0A1 /* Release */ = {
			isa = XCBuildConfiguration;
			buildSettings = {
				ALWAYS_EMBED_SWIFT_STANDARD_LIBRARIES = YES;
				CODE_SIGN_STYLE = Automatic;
				CURRENT_PROJECT_VERSION = 1;
				GENERATE_INFOPLIST_FILE = YES;
				MARKETING_VERSION = 1.0;
				PRODUCT_BUNDLE_IDENTIFIER = com.lucas.WeatherAppUITests;
				PRODUCT_NAME = "$(TARGET_NAME)";
				SWIFT_EMIT_LOC_STRINGS = NO;
				SWIFT_VERSION = 5.0;
				TARGETED_DEVICE_FAMILY = "1,2";
				TEST_TARGET_NAME = WeatherApp;
			};
			name = Release;
		};
/* End XCBuildConfiguration section */

/* Begin XCConfigurationList section */
		89478ADC2C00FB990058D0A1 /* Build configuration list for PBXProject "WeatherApp" */ = {
			isa = XCConfigurationList;
			buildConfigurations = (
				89478B052C00FB9C0058D0A1 /* Debug */,
				89478B062C00FB9C0058D0A1 /* Release */,
			);
			defaultConfigurationIsVisible = 0;
			defaultConfigurationName = Release;
		};
		89478B072C00FB9C0058D0A1 /* Build configuration list for PBXNativeTarget "WeatherApp" */ = {
			isa = XCConfigurationList;
			buildConfigurations = (
				89478B082C00FB9C0058D0A1 /* Debug */,
				89478B092C00FB9C0058D0A1 /* Release */,
			);
			defaultConfigurationIsVisible = 0;
			defaultConfigurationName = Release;
		};
		89478B0A2C00FB9C0058D0A1 /* Build configuration list for PBXNativeTarget "WeatherAppTests" */ = {
			isa = XCConfigurationList;
			buildConfigurations = (
				89478B0B2C00FB9C0058D0A1 /* Debug */,
				89478B0C2C00FB9C0058D0A1 /* Release */,
			);
			defaultConfigurationIsVisible = 0;
			defaultConfigurationName = Release;
		};
		89478B0D2C00FB9C0058D0A1 /* Build configuration list for PBXNativeTarget "WeatherAppUITests" */ = {
			isa = XCConfigurationList;
			buildConfigurations = (
				89478B0E2C00FB9C0058D0A1 /* Debug */,
				89478B0F2C00FB9C0058D0A1 /* Release */,
			);
			defaultConfigurationIsVisible = 0;
			defaultConfigurationName = Release;
		};
/* End XCConfigurationList section */

/* Begin XCVersionGroup section */
		1876E4DC2C13C7F000913A8C /* WheaterAppDB.xcdatamodeld */ = {
			isa = XCVersionGroup;
			children = (
				1876E4DD2C13C7F000913A8C /* WheaterAppDB.xcdatamodel */,
			);
			currentVersion = 1876E4DD2C13C7F000913A8C /* WheaterAppDB.xcdatamodel */;
			name = WheaterAppDB.xcdatamodeld;
			path = /Users/bressam/Desktop/WeatherApp/WeatherApp/Database/WheaterAppDB.xcdatamodeld;
			sourceTree = "<group>";
			versionGroupType = wrapper.xcdatamodel;
		};
/* End XCVersionGroup section */
	};
	rootObject = 89478AD92C00FB990058D0A1 /* Project object */;
}
